e641bea8
465be4f5
efa655c8
131da192
1dcba79b
b25e7544
88132b23
7de82787
c5d82bdb
9fd57322
a3bd2112
9b156774
f75b4f52
57973c9b
49f16bae
e9fa9ec4
dfebbc3e
b16f125a
2b70363e
1cb05afd
f84d78df
e218e0be
9ab1b0f3
b012c0f2
5936d4cb
4762252d
26538427
ff886ad0
e5844972
890e874a
7460e69a
07a9731f
387015ba
770c5631
17aa1ee6
521370e3
eff7a939
675349f5
c9606c3a
3f269ad9
5b379651
80284302
c20b723a
03aa8521
1b074a79
4596169e
31b9829f
1a03e312
99591997
763e14c4
ac727b75
c563979b
5c9aa6e6
c4199b24
7c9ae5be
04c3723b
28cc33fe
9000901b
101b1bf4
74d7095e
b1e92c07
2bbe620d
05653066
2c0e23f6
759a6abf
266254d0
e812cd24
165c8bc0
f08cec1f
8e8a57e5
8fabb96b
9badef97
bf845fa4
900c2c2b
7698206b
6d711e4f
4c6638c7
64d26eec
63f1a359
95a39aeb
f8d4596a
b0dcf90a
223fde7f
6ddd162e
59fec932
90344606
346040f0
91989be0
cdec3b5b
adfaffa8
c6e08e9d
9962a21f
7189070e
a7151565
ebe737d4
f15b708b
a9f9bb5d
44976257
5bcdc82b
1936bd3e
9ec7e525
5e0036c9
d70ee647
14c390f2
06a9ffab
779704c9
c76d4b32
fc06c93f
aaae2aed
716c0e18
df9065b0
3beb5b02
d0bf8501
6f295b1b
e16192ce
9af5741a
12c1ec37
