8c0c46a9
b8d4bbfb
23f39de5
73241d7f
d3264849
265d9455
1dcba79b
b25e7544
88132b23
7de82787
c5d82bdb
6cdc5e32
9fd57322
a3bd2112
9b156774
f75b4f52
aeb01ffc
cc104193
bfe824e9
19e75c58
22882ab0
57973c9b
bb2a335b
31dabfa4
dca0f241
c65a1d1c
88aa8952
d17609f6
aadfb4b1
a66b28d4
fae9f61a
b43b61ac
cd72018a
cf25e6cf
69443a25
575715f4
4caacbb6
612d1bde
96ea00ed
fa020980
428d161c
b55ed0f1
875ce238
8f1e8722
1943930c
1297692e
09363312
b518ed91
c9d34142
85093af3
3dcfc0f0
9162f387
0fcbaeb2
ad941450
1c726e92
e9497a8f
ca22d449
1d6a8445
a214df3c
4495be4a
b0ec0b5c
720e8777
6457436d
05dcea55
d5afc3a5
57e9482a
81061908
724f91e3
bc576097
46bd587c
cb2d02fa
23f8e219
0aa64e3c
b8d5daa9
628fd0e6
7931f4cb
01d9e46f
f9661b72
b962db70
ddd76ddc
28419c13
d91ee43b
b60b1250
f4e2cf7a
6af960ae
d23d2db8
23ce4be7
68d079ba
7bee6526
491d241a
cf53869c
75cd26c7
a91c6e0c
7df9de49
423b8469
2dde93e8
fde53eff
e77d1882
e38d0817
74b3e2e7
74cac7bb
53ce9697
941a3d48
9404c027
fa12cde7
04f8ed53
690ccba9
699df50a
6c311f8f
266f0b07
028fc9e9
45344630
4fe94a76
bfd5b1ba
a1c66ed0
82330e82
d1fea3a9
6dea567b
a34a8503
50560a76
fb6aa688
b05b030d
bac0eb85
605eec66
ab6f0723
651b8e38
bd4990c2
c0cdf5cb
5d539724
1a36a286
8344585c
f7985fd2
90bb2ddc
ff8535f6
cb787c0b
4960f645
5d4bddb0
980f32bc
2adeb148
e696ba73
443a07ad
9e45c104
7b21a515
c4820535
94d1f7b3
7aa2018c
d079214f
343e5096
a6f8bad2
62a2f6ac
002694f5
7b29b4fc
b6e70a47
1011cde9
cc1d1a8b
5d62e900
9ee56f9a
82570d06
edaebf7a
2ea84a17
c38d79b9
46b4bf23
b116a58f
3428613d
7d508e27
a66a3ee3
49a390ce
6ef54bd9
9d2d4c56
aaa27693
c6b56c8a
5d054716
cb78f724
8a3f8c1d
3913d7cd
0098052e
5acfec94
b05aa7ad
50b33a70
16440d97
44fa9c57
be01dad2
6a876792
6d58b770
66757683
c8630538
8698a30c
d0889d99
b376f7bc
037e0df0
b626b2d3
4ef9ecf8
dcabfd19
9c7b855e
346040f0
655d6c83
cdec3b5b
adfaffa8
c6e08e9d
51bef758
2ccce4df
64cbbca8
c2b62078
329c8225
215732d3
c8e76b04
b050c8c3
24b67fbc
e74b1ec0
0648198d
47b18506
491c70aa
c6148007
11f9e202
747a14a2
a99e8f83
279620ad
b5e9bb25
f6a23f78
2816d922
c4f752af
090fc666
83701f30
a0bc6a9f
1f61c0b1
9e17e966
7e714384
b9880ec9
f93db7a5
4541dc9f
700691c8
eb803e6d
5e5aad60
9c52520f
7035304e
9dea8181
c8e2ea80
a7285cbf
bb18ead4
6130bbfa
75161dba
c87a7db9
664394a5
f9288621
391e5379
aa8f0147
c7225bc0
187c264f
92f5a059
94801615
d460d387
df6cf497
6f13f6a2
